
Microsoft Visual Studio Solution File, Format Version 12.00
# Visual Studio 2012
Project("{FAE04EC0-301F-11D3-BF4B-00C04F79EFBC}") = "PersonalMovieDatabase.Website", "PersonalMovieDatabase.Website\PersonalMovieDatabase.Website.csproj", "{4CCF87B0-F9EC-4365-A079-04851CA66A66}"
EndProject
Project("{FAE04EC0-301F-11D3-BF4B-00C04F79EFBC}") = "PersonalMovieDatabase.Common", "PersonalMovieDatabase.Common\PersonalMovieDatabase.Common.csproj", "{882D4904-E51C-4AC9-AF25-BED9719AD7F9}"
EndProject
Project("{FAE04EC0-301F-11D3-BF4B-00C04F79EFBC}") = "PersonalMovieDatabase.Repository", "PersonalMovieDatabase.Repository\PersonalMovieDatabase.Repository.csproj", "{F93E4B08-5FA5-4E5C-AEFA-485A275D6CB7}"
EndProject
Project("{FAE04EC0-301F-11D3-BF4B-00C04F79EFBC}") = "PersonalMovieDatabase.Domain", "PersonalMovieDatabase.Domain\PersonalMovieDatabase.Domain.csproj", "{22F8DE81-296B-4B36-8808-268E701092F6}"
EndProject
Project("{FAE04EC0-301F-11D3-BF4B-00C04F79EFBC}") = "PersonalMovieDatabase.Core", "PersonalMovieDatabase.Core\PersonalMovieDatabase.Core.csproj", "{D1F5364F-5E7D-4F63-A149-26B23D738215}"
EndProject
Project("{FAE04EC0-301F-11D3-BF4B-00C04F79EFBC}") = "PersonalMovieDatabase.Repository.Tests", "PersonalMovieDatabase.Repository.Tests\PersonalMovieDatabase.Repository.Tests.csproj", "{4356239F-B862-417D-BF18-241B10690889}"
EndProject
Project("{FAE04EC0-301F-11D3-BF4B-00C04F79EFBC}") = "PersonalMovieDatabase.Database", "PersonalMovieDatabase.Database\PersonalMovieDatabase.Database.csproj", "{8444EE54-BC5A-4BB1-B285-D383E798EC94}"
EndProject
Project("{FAE04EC0-301F-11D3-BF4B-00C04F79EFBC}") = "PersonalMovieDatabase.Common.Tests", "PersonalMovieDatabase.Common.Tests\PersonalMovieDatabase.Common.Tests.csproj", "{621EA822-2626-494C-A2E8-E707D1D2F991}"
EndProject
Project("{2150E333-8FDC-42A3-9474-1A3956D46DE8}") = "Tests", "Tests", "{EAA13FFC-482C-44C5-8513-F56E39A3A6D2}"
EndProject
Global
	GlobalSection(SolutionConfigurationPlatforms) = preSolution
		Debug|Any CPU = Debug|Any CPU
		Release|Any CPU = Release|Any CPU
	EndGlobalSection
	GlobalSection(ProjectConfigurationPlatforms) = postSolution
		{4CCF87B0-F9EC-4365-A079-04851CA66A66}.Debug|Any CPU.ActiveCfg = Debug|Any CPU
		{4CCF87B0-F9EC-4365-A079-04851CA66A66}.Debug|Any CPU.Build.0 = Debug|Any CPU
		{4CCF87B0-F9EC-4365-A079-04851CA66A66}.Release|Any CPU.ActiveCfg = Release|Any CPU
		{4CCF87B0-F9EC-4365-A079-04851CA66A66}.Release|Any CPU.Build.0 = Release|Any CPU
		{882D4904-E51C-4AC9-AF25-BED9719AD7F9}.Debug|Any CPU.ActiveCfg = Debug|Any CPU
		{882D4904-E51C-4AC9-AF25-BED9719AD7F9}.Debug|Any CPU.Build.0 = Debug|Any CPU
		{882D4904-E51C-4AC9-AF25-BED9719AD7F9}.Release|Any CPU.ActiveCfg = Release|Any CPU
		{882D4904-E51C-4AC9-AF25-BED9719AD7F9}.Release|Any CPU.Build.0 = Release|Any CPU
		{F93E4B08-5FA5-4E5C-AEFA-485A275D6CB7}.Debug|Any CPU.ActiveCfg = Debug|Any CPU
		{F93E4B08-5FA5-4E5C-AEFA-485A275D6CB7}.Debug|Any CPU.Build.0 = Debug|Any CPU
		{F93E4B08-5FA5-4E5C-AEFA-485A275D6CB7}.Release|Any CPU.ActiveCfg = Release|Any CPU
		{F93E4B08-5FA5-4E5C-AEFA-485A275D6CB7}.Release|Any CPU.Build.0 = Release|Any CPU
		{22F8DE81-296B-4B36-8808-268E701092F6}.Debug|Any CPU.ActiveCfg = Debug|Any CPU
		{22F8DE81-296B-4B36-8808-268E701092F6}.Debug|Any CPU.Build.0 = Debug|Any CPU
		{22F8DE81-296B-4B36-8808-268E701092F6}.Release|Any CPU.ActiveCfg = Release|Any CPU
		{22F8DE81-296B-4B36-8808-268E701092F6}.Release|Any CPU.Build.0 = Release|Any CPU
		{D1F5364F-5E7D-4F63-A149-26B23D738215}.Debug|Any CPU.ActiveCfg = Debug|Any CPU
		{D1F5364F-5E7D-4F63-A149-26B23D738215}.Debug|Any CPU.Build.0 = Debug|Any CPU
		{D1F5364F-5E7D-4F63-A149-26B23D738215}.Release|Any CPU.ActiveCfg = Release|Any CPU
		{D1F5364F-5E7D-4F63-A149-26B23D738215}.Release|Any CPU.Build.0 = Release|Any CPU
		{4356239F-B862-417D-BF18-241B10690889}.Debug|Any CPU.ActiveCfg = Debug|Any CPU
		{4356239F-B862-417D-BF18-241B10690889}.Debug|Any CPU.Build.0 = Debug|Any CPU
		{4356239F-B862-417D-BF18-241B10690889}.Release|Any CPU.ActiveCfg = Release|Any CPU
		{4356239F-B862-417D-BF18-241B10690889}.Release|Any CPU.Build.0 = Release|Any CPU
		{8444EE54-BC5A-4BB1-B285-D383E798EC94}.Debug|Any CPU.ActiveCfg = Debug|Any CPU
		{8444EE54-BC5A-4BB1-B285-D383E798EC94}.Debug|Any CPU.Build.0 = Debug|Any CPU
		{8444EE54-BC5A-4BB1-B285-D383E798EC94}.Release|Any CPU.ActiveCfg = Release|Any CPU
		{8444EE54-BC5A-4BB1-B285-D383E798EC94}.Release|Any CPU.Build.0 = Release|Any CPU
		{621EA822-2626-494C-A2E8-E707D1D2F991}.Debug|Any CPU.ActiveCfg = Debug|Any CPU
		{621EA822-2626-494C-A2E8-E707D1D2F991}.Debug|Any CPU.Build.0 = Debug|Any CPU
		{621EA822-2626-494C-A2E8-E707D1D2F991}.Release|Any CPU.ActiveCfg = Release|Any CPU
		{621EA822-2626-494C-A2E8-E707D1D2F991}.Release|Any CPU.Build.0 = Release|Any CPU
	EndGlobalSection
	GlobalSection(SolutionProperties) = preSolution
		HideSolutionNode = FALSE
	EndGlobalSection
	GlobalSection(NestedProjects) = preSolution
		{621EA822-2626-494C-A2E8-E707D1D2F991} = {EAA13FFC-482C-44C5-8513-F56E39A3A6D2}
		{4356239F-B862-417D-BF18-241B10690889} = {EAA13FFC-482C-44C5-8513-F56E39A3A6D2}
	EndGlobalSection
EndGlobal
