
Microsoft Visual Studio Solution File, Format Version 11.00
# Visual Studio 2010
Project("{FAE04EC0-301F-11D3-BF4B-00C04F79EFBC}") = "PersonalMovieDatabase.Website", "PersonalMovieDatabase.Website\PersonalMovieDatabase.Website.csproj", "{EA8BDD4D-2026-4331-97DB-7F991924E66E}"
EndProject
Project("{FAE04EC0-301F-11D3-BF4B-00C04F79EFBC}") = "PersonalMovieDatabase.Website.Tests", "PersonalMovieDatabase.Website.Tests\PersonalMovieDatabase.Website.Tests.csproj", "{34962C9C-051F-43D8-B13E-6CCCE7371CE5}"
EndProject
Global
	GlobalSection(SolutionConfigurationPlatforms) = preSolution
		Debug|Any CPU = Debug|Any CPU
		Release|Any CPU = Release|Any CPU
	EndGlobalSection
	GlobalSection(ProjectConfigurationPlatforms) = postSolution
		{EA8BDD4D-2026-4331-97DB-7F991924E66E}.Debug|Any CPU.ActiveCfg = Debug|Any CPU
		{EA8BDD4D-2026-4331-97DB-7F991924E66E}.Debug|Any CPU.Build.0 = Debug|Any CPU
		{EA8BDD4D-2026-4331-97DB-7F991924E66E}.Release|Any CPU.ActiveCfg = Release|Any CPU
		{EA8BDD4D-2026-4331-97DB-7F991924E66E}.Release|Any CPU.Build.0 = Release|Any CPU
		{34962C9C-051F-43D8-B13E-6CCCE7371CE5}.Debug|Any CPU.ActiveCfg = Debug|Any CPU
		{34962C9C-051F-43D8-B13E-6CCCE7371CE5}.Debug|Any CPU.Build.0 = Debug|Any CPU
		{34962C9C-051F-43D8-B13E-6CCCE7371CE5}.Release|Any CPU.ActiveCfg = Release|Any CPU
		{34962C9C-051F-43D8-B13E-6CCCE7371CE5}.Release|Any CPU.Build.0 = Release|Any CPU
	EndGlobalSection
	GlobalSection(SolutionProperties) = preSolution
		HideSolutionNode = FALSE
	EndGlobalSection
EndGlobal
