
Microsoft Visual Studio Solution File, Format Version 11.00
# Visual Studio 2010
Project("{FAE04EC0-301F-11D3-BF4B-00C04F79EFBC}") = "PersonalMovieDatabase", "PersonalMovieDatabase\PersonalMovieDatabase.csproj", "{68B9E5C2-293F-4857-86FD-479566282A05}"
EndProject
Project("{FAE04EC0-301F-11D3-BF4B-00C04F79EFBC}") = "PersonalMovieDatabase.Tests", "PersonalMovieDatabase.Tests\PersonalMovieDatabase.Tests.csproj", "{E9DFA3AB-D761-4F08-A9B1-D82A3FBB0B98}"
EndProject
Global
	GlobalSection(SolutionConfigurationPlatforms) = preSolution
		Debug|Any CPU = Debug|Any CPU
		Release|Any CPU = Release|Any CPU
	EndGlobalSection
	GlobalSection(ProjectConfigurationPlatforms) = postSolution
		{68B9E5C2-293F-4857-86FD-479566282A05}.Debug|Any CPU.ActiveCfg = Debug|Any CPU
		{68B9E5C2-293F-4857-86FD-479566282A05}.Debug|Any CPU.Build.0 = Debug|Any CPU
		{68B9E5C2-293F-4857-86FD-479566282A05}.Release|Any CPU.ActiveCfg = Release|Any CPU
		{68B9E5C2-293F-4857-86FD-479566282A05}.Release|Any CPU.Build.0 = Release|Any CPU
		{E9DFA3AB-D761-4F08-A9B1-D82A3FBB0B98}.Debug|Any CPU.ActiveCfg = Debug|Any CPU
		{E9DFA3AB-D761-4F08-A9B1-D82A3FBB0B98}.Debug|Any CPU.Build.0 = Debug|Any CPU
		{E9DFA3AB-D761-4F08-A9B1-D82A3FBB0B98}.Release|Any CPU.ActiveCfg = Release|Any CPU
		{E9DFA3AB-D761-4F08-A9B1-D82A3FBB0B98}.Release|Any CPU.Build.0 = Release|Any CPU
	EndGlobalSection
	GlobalSection(SolutionProperties) = preSolution
		HideSolutionNode = FALSE
	EndGlobalSection
EndGlobal
